
Microsoft Visual Studio Solution File, Format Version 12.00
# Visual Studio 2012
VisualStudioVersion = 12.0.31101.0
MinimumVisualStudioVersion = 10.0.40219.1
Project("{FAE04EC0-301F-11D3-BF4B-00C04F79EFBC}") = "Org.Lucasr.TwoWayView.Core", "Org.Lucasr.TwoWayView.Core\Org.Lucasr.TwoWayView.Core.csproj", "{67650C74-E456-4DA2-9CCD-6907850576E2}"
EndProject
Project("{FAE04EC0-301F-11D3-BF4B-00C04F79EFBC}") = "Org.Lucasr.TwoWayView.Widget", "Org.Lucasr.TwoWayView.Widget\Org.Lucasr.TwoWayView.Widget.csproj", "{AF8C9135-418E-4939-A1B1-29691625F774}"
EndProject
Project("{FAE04EC0-301F-11D3-BF4B-00C04F79EFBC}") = "Org.Lucasr.TwoWayView.Sample", "Org.Lucasr.TwoWayView.Sample\Org.Lucasr.TwoWayView.Sample.csproj", "{2AACB598-A939-487F-9D55-742DEC160727}"
EndProject
Global
	GlobalSection(SolutionConfigurationPlatforms) = preSolution
		Debug|Any CPU = Debug|Any CPU
		Release|Any CPU = Release|Any CPU
	EndGlobalSection
	GlobalSection(ProjectConfigurationPlatforms) = postSolution
		{2AACB598-A939-487F-9D55-742DEC160727}.Debug|Any CPU.ActiveCfg = Debug|Any CPU
		{2AACB598-A939-487F-9D55-742DEC160727}.Debug|Any CPU.Build.0 = Debug|Any CPU
		{2AACB598-A939-487F-9D55-742DEC160727}.Debug|Any CPU.Deploy.0 = Debug|Any CPU
		{2AACB598-A939-487F-9D55-742DEC160727}.Release|Any CPU.ActiveCfg = Release|Any CPU
		{2AACB598-A939-487F-9D55-742DEC160727}.Release|Any CPU.Build.0 = Release|Any CPU
		{2AACB598-A939-487F-9D55-742DEC160727}.Release|Any CPU.Deploy.0 = Release|Any CPU
		{67650C74-E456-4DA2-9CCD-6907850576E2}.Debug|Any CPU.ActiveCfg = Debug|Any CPU
		{67650C74-E456-4DA2-9CCD-6907850576E2}.Debug|Any CPU.Build.0 = Debug|Any CPU
		{67650C74-E456-4DA2-9CCD-6907850576E2}.Release|Any CPU.ActiveCfg = Release|Any CPU
		{67650C74-E456-4DA2-9CCD-6907850576E2}.Release|Any CPU.Build.0 = Release|Any CPU
		{AF8C9135-418E-4939-A1B1-29691625F774}.Debug|Any CPU.ActiveCfg = Debug|Any CPU
		{AF8C9135-418E-4939-A1B1-29691625F774}.Debug|Any CPU.Build.0 = Debug|Any CPU
		{AF8C9135-418E-4939-A1B1-29691625F774}.Release|Any CPU.ActiveCfg = Release|Any CPU
		{AF8C9135-418E-4939-A1B1-29691625F774}.Release|Any CPU.Build.0 = Release|Any CPU
	EndGlobalSection
	GlobalSection(SolutionProperties) = preSolution
		HideSolutionNode = FALSE
	EndGlobalSection
EndGlobal
